dependencies:
- name: common
  repository: https://charts.bitnami.com/bitnami
  version: 2.9.1
- name: backstage
  repository: https://backstage.github.io/charts
  version: 1.1.2
digest: sha256:fdd4f0e7f5bf6b6ba718fed1ecd74006eb998330e984f954ddb191a18728b12d
generated: "2023-08-29T14:38:17.518375765Z"
