dependencies:
- name: common
  repository: https://charts.bitnami.com/bitnami
  version: 2.2.4
- name: backstage
  repository: https://backstage.github.io/charts
  version: 0.20.0
digest: sha256:290208581c91e465dcd4948ec25bb6c4687d2fecc9a3cfd2e57e6dbd69d7eb32
generated: "2023-04-04T06:00:35.327444749Z"
